
Microsoft Visual Studio Solution File, Format Version 12.00
# Visual Studio 15
VisualStudioVersion = 15.0.27703.2000
MinimumVisualStudioVersion = 10.0.40219.1
Project("{FAE04EC0-301F-11D3-BF4B-00C04F79EFBC}") = "ChronometerTest", "ChronometerTest\ChronometerTest.csproj", "{6A70CCEE-6E6C-4E8E-BCAD-CD4FE708D5D9}"
EndProject
Global
	GlobalSection(SolutionConfigurationPlatforms) = preSolution
		Debug|Any CPU = Debug|Any CPU
		Release|Any CPU = Release|Any CPU
	EndGlobalSection
	GlobalSection(ProjectConfigurationPlatforms) = postSolution
		{6A70CCEE-6E6C-4E8E-BCAD-CD4FE708D5D9}.Debug|Any CPU.ActiveCfg = Debug|Any CPU
		{6A70CCEE-6E6C-4E8E-BCAD-CD4FE708D5D9}.Debug|Any CPU.Build.0 = Debug|Any CPU
		{6A70CCEE-6E6C-4E8E-BCAD-CD4FE708D5D9}.Release|Any CPU.ActiveCfg = Release|Any CPU
		{6A70CCEE-6E6C-4E8E-BCAD-CD4FE708D5D9}.Release|Any CPU.Build.0 = Release|Any CPU
	EndGlobalSection
	GlobalSection(SolutionProperties) = preSolution
		HideSolutionNode = FALSE
	EndGlobalSection
	GlobalSection(ExtensibilityGlobals) = postSolution
		SolutionGuid = {C96D3B39-CDEE-4446-9CCA-87F1988E36DD}
	EndGlobalSection
EndGlobal
